{
    "_readme": [
        "This file locks the dependencies of your project to a known state",
        "Read more about it at http://getcomposer.org/doc/01-basic-usage.md#composer-lock-the-lock-file"
    ],
    "hash": "64a6be07439c2c60e3c6f7c623cca607",
    "packages": [
        {
            "name": "keboola/csv",
            "version": "dev-master",
            "source": {
                "type": "git",
                "url": "https://github.com/keboola/php-csv.git",
                "reference": "d46da2e92bc44250a535bc2afc4c73a4be1d459a"
            },
            "dist": {
                "type": "zip",
                "url": "https://api.github.com/repos/keboola/php-csv/zipball/d46da2e92bc44250a535bc2afc4c73a4be1d459a",
                "reference": "d46da2e92bc44250a535bc2afc4c73a4be1d459a",
                "shasum": ""
            },
            "require-dev": {
                "phpunit/phpunit": "~3.7"
            },
            "type": "library",
            "autoload": {
                "psr-0": {
                    "Keboola\\Csv": "src/"
                }
            },
            "notification-url": "https://packagist.org/downloads/",
            "license": [
                "MIT"
            ],
            "description": "Keboola CSV reader and writer",
            "homepage": "http://keboola.com",
            "time": "2014-05-01 17:36:54"
        }
    ],
    "packages-dev": [],
    "aliases": [],
    "minimum-stability": "stable",
    "stability-flags": {
        "keboola/csv": 20
    },
    "platform": [],
    "platform-dev": []
}
